
Microsoft Visual Studio Solution File, Format Version 12.00
# Visual Studio Version 17
VisualStudioVersion = 17.4.33103.184
MinimumVisualStudioVersion = 10.0.40219.1
Project("{FAE04EC0-301F-11D3-BF4B-00C04F79EFBC}") = "MyApp.API", "MyApp.API\MyApp.API.csproj", "{EDC73329-A074-429E-AB02-B02B39A8FB9B}"
EndProject
Project("{FAE04EC0-301F-11D3-BF4B-00C04F79EFBC}") = "MyApp.CQRS", "MyApp.CQRS\MyApp.CQRS.csproj", "{AF2C0752-6A53-43A8-8661-E8ED04160305}"
EndProject
Project("{FAE04EC0-301F-11D3-BF4B-00C04F79EFBC}") = "MyApp.Common", "MyApp.Common\MyApp.Common.csproj", "{72AB82E7-3F01-4FC7-AE54-ECF04A0566DF}"
EndProject
Global
	GlobalSection(SolutionConfigurationPlatforms) = preSolution
		Debug|Any CPU = Debug|Any CPU
		Release|Any CPU = Release|Any CPU
	EndGlobalSection
	GlobalSection(ProjectConfigurationPlatforms) = postSolution
		{EDC73329-A074-429E-AB02-B02B39A8FB9B}.Debug|Any CPU.ActiveCfg = Debug|Any CPU
		{EDC73329-A074-429E-AB02-B02B39A8FB9B}.Debug|Any CPU.Build.0 = Debug|Any CPU
		{EDC73329-A074-429E-AB02-B02B39A8FB9B}.Release|Any CPU.ActiveCfg = Release|Any CPU
		{EDC73329-A074-429E-AB02-B02B39A8FB9B}.Release|Any CPU.Build.0 = Release|Any CPU
		{AF2C0752-6A53-43A8-8661-E8ED04160305}.Debug|Any CPU.ActiveCfg = Debug|Any CPU
		{AF2C0752-6A53-43A8-8661-E8ED04160305}.Debug|Any CPU.Build.0 = Debug|Any CPU
		{AF2C0752-6A53-43A8-8661-E8ED04160305}.Release|Any CPU.ActiveCfg = Release|Any CPU
		{AF2C0752-6A53-43A8-8661-E8ED04160305}.Release|Any CPU.Build.0 = Release|Any CPU
		{72AB82E7-3F01-4FC7-AE54-ECF04A0566DF}.Debug|Any CPU.ActiveCfg = Debug|Any CPU
		{72AB82E7-3F01-4FC7-AE54-ECF04A0566DF}.Debug|Any CPU.Build.0 = Debug|Any CPU
		{72AB82E7-3F01-4FC7-AE54-ECF04A0566DF}.Release|Any CPU.ActiveCfg = Release|Any CPU
		{72AB82E7-3F01-4FC7-AE54-ECF04A0566DF}.Release|Any CPU.Build.0 = Release|Any CPU
	EndGlobalSection
	GlobalSection(SolutionProperties) = preSolution
		HideSolutionNode = FALSE
	EndGlobalSection
	GlobalSection(ExtensibilityGlobals) = postSolution
		SolutionGuid = {ED6A4F82-49B7-4925-809F-829FC92E723A}
	EndGlobalSection
EndGlobal
